
Microsoft Visual Studio Solution File, Format Version 12.00
# Visual Studio Version 16
VisualStudioVersion = 16.0.30413.136
MinimumVisualStudioVersion = 10.0.40219.1
Project("{FAE04EC0-301F-11D3-BF4B-00C04F79EFBC}") = "Metody09-14", "Metody09-14.csproj", "{D7E51B0F-322D-4ECF-8640-D4039D00DBEC}"
EndProject
Global
	GlobalSection(SolutionConfigurationPlatforms) = preSolution
		Debug|Any CPU = Debug|Any CPU
		Release|Any CPU = Release|Any CPU
	EndGlobalSection
	GlobalSection(ProjectConfigurationPlatforms) = postSolution
		{D7E51B0F-322D-4ECF-8640-D4039D00DBEC}.Debug|Any CPU.ActiveCfg = Debug|Any CPU
		{D7E51B0F-322D-4ECF-8640-D4039D00DBEC}.Debug|Any CPU.Build.0 = Debug|Any CPU
		{D7E51B0F-322D-4ECF-8640-D4039D00DBEC}.Release|Any CPU.ActiveCfg = Release|Any CPU
		{D7E51B0F-322D-4ECF-8640-D4039D00DBEC}.Release|Any CPU.Build.0 = Release|Any CPU
	EndGlobalSection
	GlobalSection(SolutionProperties) = preSolution
		HideSolutionNode = FALSE
	EndGlobalSection
	GlobalSection(ExtensibilityGlobals) = postSolution
		SolutionGuid = {098B22C4-9DEC-4931-8427-1EFBF46A294B}
	EndGlobalSection
EndGlobal
